github.com/gorilla/mux v1.8.0 h1:i40aqfkR1h2SlN9hojwV5ZA91wcXFOvkdNIeFDP5koI=
github.com/gorilla/mux v1.8.0/go.mod h1:DVbg23sWSpFRCP0SfiEN6jmj59UnW/n46BH5rLB71So=
github.com/jcbasso/EvoMaster-go/client-go/instrumentation v0.0.0-20231020124615-80b0c2498774 h1:8Mee1w6YKQMc8X8omEOIVmfZ7E2zdHG5+zUYMZtBDTA=
github.com/jcbasso/EvoMaster-go/client-go/instrumentation v0.0.0-20231020124615-80b0c2498774/go.mod h1:ZwQPwm6Dq12jlLP2s6E84Mz+C6aBirEkEiRHUDxGDlQ=
golang.org/x/tools v0.11.0 h1:EMCa6U9S2LtZXLAMoWiR/R8dAQFRqbAitmbJ2UKhoi8=
golang.org/x/tools v0.11.0/go.mod h1:anzJrxPjNtfgiYQYirP2CPGzGLxrH2u2QBhn6Bf3qY8=
