github.com/dave/dst v0.27.3 h1:P1HPoMza3cMEquVf9kKy8yXsFirry4zEnWOdYPOoIzY=
github.com/dave/dst v0.27.3/go.mod h1:jHh6EOibnHgcUW3WjKHisiooEkYwqpHLBSX1iOBhEyc=
github.com/davecgh/go-spew v1.1.0/go.mod h1:J7Y8YcW2NihsgmVo/mv3lAwl/skON4iLHjSsI+c5H38=
github.com/davecgh/go-spew v1.1.1 h1:vj9j/u1bqnvCEfJOwUhtlOARqs3+rkHYY13jYWTU97c=
github.com/davecgh/go-spew v1.1.1/go.mod h1:J7Y8YcW2NihsgmVo/mv3lAwl/skON4iLHjSsI+c5H38=
github.com/gorilla/mux v1.8.0 h1:i40aqfkR1h2SlN9hojwV5ZA91wcXFOvkdNIeFDP5koI=
github.com/gorilla/mux v1.8.0/go.mod h1:DVbg23sWSpFRCP0SfiEN6jmj59UnW/n46BH5rLB71So=
github.com/jcbasso/EvoMaster/client-go v0.0.0-20240105145808-c041975eba73 h1:RoKmQP/ORI1MMYcpNNxnxF+RHXIjALePaN6xxvX7XkU=
github.com/jcbasso/EvoMaster/client-go v0.0.0-20240105145808-c041975eba73/go.mod h1:QNSXMRJtuHRKe3i8WlTajbSgsLPDtMUaN4gOXY2uP+4=
github.com/jcbasso/EvoMaster/client-go v0.0.0-20240116133623-631602f10258 h1:KxfvVWLy+Fp7jgZ+DhwTI6UW1/mQo6ZRLvGTk/csr/c=
github.com/jcbasso/EvoMaster/client-go v0.0.0-20240116133623-631602f10258/go.mod h1:QNSXMRJtuHRKe3i8WlTajbSgsLPDtMUaN4gOXY2uP+4=
github.com/jcbasso/EvoMaster/client-go v0.0.0-20240116135621-3937fb622c31 h1:JF2xsaXAhX4tqZYNKTp0G0IB1wUnczqcPuvHO2nztO8=
github.com/jcbasso/EvoMaster/client-go v0.0.0-20240116135621-3937fb622c31/go.mod h1:QNSXMRJtuHRKe3i8WlTajbSgsLPDtMUaN4gOXY2uP+4=
github.com/jcbasso/EvoMaster/client-go v0.0.0-20240220153400-49ddd63d8780 h1:oSGIev9E9eCgqt+OhDn8ylQel93cb0m7t4FViX3sQts=
github.com/jcbasso/EvoMaster/client-go v0.0.0-20240220153400-49ddd63d8780/go.mod h1:QNSXMRJtuHRKe3i8WlTajbSgsLPDtMUaN4gOXY2uP+4=
github.com/jcbasso/EvoMaster/client-go v0.0.0-20240303000343-b07ea385ff87 h1:/iNmd/bhUG5elDCXFN1oZaSxHqxZw9YnGYweJQAW81k=
github.com/jcbasso/EvoMaster/client-go v0.0.0-20240303000343-b07ea385ff87/go.mod h1:QNSXMRJtuHRKe3i8WlTajbSgsLPDtMUaN4gOXY2uP+4=
github.com/jcbasso/EvoMaster/client-go v0.0.0-20240315201358-8411d20b993f h1:rt4UM686VbBXtvH9QR6v/M2ooeijdCpcSzd4GHuDUxw=
github.com/jcbasso/EvoMaster/client-go v0.0.0-20240315201358-8411d20b993f/go.mod h1:QNSXMRJtuHRKe3i8WlTajbSgsLPDtMUaN4gOXY2uP+4=
github.com/jcbasso/EvoMaster/client-go v0.0.0-20240315202127-c3c22f758332 h1:OCbaOCgUoo5PvUbdnuZeP+DDLWbuTmyMD20Bqi8+QLU=
github.com/jcbasso/EvoMaster/client-go v0.0.0-20240315202127-c3c22f758332/go.mod h1:QNSXMRJtuHRKe3i8WlTajbSgsLPDtMUaN4gOXY2uP+4=
github.com/jcbasso/EvoMaster/client-go v0.0.0-20240315202436-7ea70c751c45 h1:CoaXhIFi5mc5NEhGm0ZYFusTWUJuYbnJozTUAQ/sUVM=
github.com/jcbasso/EvoMaster/client-go v0.0.0-20240315202436-7ea70c751c45/go.mod h1:QNSXMRJtuHRKe3i8WlTajbSgsLPDtMUaN4gOXY2uP+4=
github.com/pmezard/go-difflib v1.0.0 h1:4DBwDE0NGyQoBHbLQYPwSUPoCMWR5BEzIk/f1lZbAQM=
github.com/pmezard/go-difflib v1.0.0/go.mod h1:iKH77koFhYxTK1pcRnkKkqfTogsbg7gZNVY4sRDYZ/4=
github.com/stretchr/objx v0.1.0/go.mod h1:HFkY916IF+rwdDfMAkV7OtwuqBVzrE8GR6GFx+wExME=
github.com/stretchr/objx v0.4.0/go.mod h1:YvHI0jy2hoMjB+UWwv71VJQ9isScKT/TqJzVSSt89Yw=
github.com/stretchr/objx v0.5.0 h1:1zr/of2m5FGMsad5YfcqgdqdWrIhu+EBEJRhR1U7z/c=
github.com/stretchr/objx v0.5.0/go.mod h1:Yh+to48EsGEfYuaHDzXPcE3xhTkx73EhmCGUpEOglKo=
github.com/stretchr/testify v1.7.1/go.mod h1:6Fq8oRcR53rry900zMqJjRRixrwX3KX962/h/Wwjteg=
github.com/stretchr/testify v1.8.0/go.mod h1:yNjHg4UonilssWZ8iaSj1OCr/vHnekPRkoO+kdMU+MU=
github.com/stretchr/testify v1.8.4 h1:CcVxjf3Q8PM0mHUKJCdn+eZZtm5yQwehR5yeSVQQcUk=
github.com/stretchr/testify v1.8.4/go.mod h1:sz/lmYIOXD/1dqDmKjjqLyZ2RngseejIcXlSw2iwfAo=
github.com/valyala/fastjson v1.6.4 h1:uAUNq9Z6ymTgGhcm0UynUAB6tlbakBrz6CQFax3BXVQ=
github.com/valyala/fastjson v1.6.4/go.mod h1:CLCAqky6SMuOcxStkYQvblddUtoRxhYMGLrsQns1aXY=
golang.org/x/exp v0.0.0-20231110203233-9a3e6036ecaa h1:FRnLl4eNAQl8hwxVVC17teOw8kdjVDVAiFMtgUdTSRQ=
golang.org/x/exp v0.0.0-20231110203233-9a3e6036ecaa/go.mod h1:zk2irFbV9DP96SEBUUAy67IdHUaZuSnrz1n472HUCLE=
golang.org/x/mod v0.14.0 h1:dGoOF9QVLYng8IHTm7BAyWqCqSheQ5pYWGhzW00YJr0=
golang.org/x/mod v0.14.0/go.mod h1:hTbmBsO62+eylJbnUtE2MGJUyE7QWk4xUqPFrRgJ+7c=
golang.org/x/sys v0.14.0 h1:Vz7Qs629MkJkGyHxUlRHizWJRG2j8fbQKjELVSNhy7Q=
golang.org/x/sys v0.14.0/go.mod h1:/VUhepiaJMQUp4+oa/7Zr1D23ma6VTLIYjOOTFZPUcA=
golang.org/x/tools v0.15.0 h1:zdAyfUGbYmuVokhzVmghFl2ZJh5QhcfebBgmVPFYA+8=
golang.org/x/tools v0.15.0/go.mod h1:hpksKq4dtpQWS1uQ61JkdqWM3LscIS6Slf+VVkm+wQk=
gopkg.in/check.v1 v0.0.0-20161208181325-20d25e280405/go.mod h1:Co6ibVJAznAaIkqp8huTwlJQCZ016jof/cbN4VW5Yz0=
gopkg.in/yaml.v3 v3.0.0-20200313102051-9f266ea9e77c/go.mod h1:K4uyk7z7BCEPqu6E+C64Yfv1cQ7kz7rIZviUmN+EgEM=
gopkg.in/yaml.v3 v3.0.1 h1:fxVm/GzAzEWqLHuvctI91KS9hhNmmWOoWu0XTYJS7CA=
gopkg.in/yaml.v3 v3.0.1/go.mod h1:K4uyk7z7BCEPqu6E+C64Yfv1cQ7kz7rIZviUmN+EgEM=
